{
  "version": 4,
  "terraform_version": "0.12.24",
  "serial": 10,
  "lineage": "a137b53c-3b9b-6633-2f06-2f482b9b5d16",
  "outputs": {},
  "resources": [
    {
      "mode": "data",
      "type": "vsphere_datacenter",
      "name": "dc",
      "provider": "provider.vsphere",
      "instances": [
        {
          "schema_version": 0,
          "attributes": {
            "id": "datacenter-2",
            "name": "CSPLAB"
          }
        }
      ]
    },
    {
      "mode": "data",
      "type": "vsphere_datastore_cluster",
      "name": "datastore_cluster",
      "provider": "provider.vsphere",
      "instances": [
        {
          "schema_version": 0,
          "attributes": {
            "datacenter_id": "datacenter-2",
            "id": "group-p3826",
            "name": "SANDBOX_TIER4"
          }
        }
      ]
    },
    {
      "mode": "data",
      "type": "vsphere_network",
      "name": "network",
      "provider": "provider.vsphere",
      "instances": [
        {
          "schema_version": 0,
          "attributes": {
            "datacenter_id": "datacenter-2",
            "id": "network-27",
            "name": "OCP",
            "type": "Network"
          }
        }
      ]
    },
    {
      "mode": "data",
      "type": "vsphere_resource_pool",
      "name": "pool",
      "provider": "provider.vsphere",
      "instances": [
        {
          "schema_version": 0,
          "attributes": {
            "datacenter_id": "datacenter-2",
            "id": "resgroup-6183",
            "name": "xhama"
          }
        }
      ]
    },
    {
      "mode": "data",
      "type": "vsphere_virtual_machine",
      "name": "installer-template",
      "provider": "provider.vsphere",
      "instances": [
        {
          "schema_version": 0,
          "attributes": {
            "alternate_guest_name": "",
            "datacenter_id": "datacenter-2",
            "disks": [
              {
                "eagerly_scrub": false,
                "size": 400,
                "thin_provisioned": true
              }
            ],
            "firmware": "bios",
            "guest_id": "ubuntu64Guest",
            "guest_ip_addresses": [],
            "id": "423f7655-5819-c3b2-376d-7e31635f1e25",
            "name": "Templates/Contributed/ocp42-installer-template",
            "network_interface_types": [
              "vmxnet3"
            ],
            "scsi_bus_sharing": "noSharing",
            "scsi_controller_scan_count": 1,
            "scsi_type": "lsilogic"
          }
        }
      ]
    },
    {
      "mode": "data",
      "type": "vsphere_virtual_machine",
      "name": "master-worker-template",
      "provider": "provider.vsphere",
      "instances": [
        {
          "schema_version": 0,
          "attributes": {
            "alternate_guest_name": "",
            "datacenter_id": "datacenter-2",
            "disks": [
              {
                "eagerly_scrub": false,
                "size": 16,
                "thin_provisioned": true
              }
            ],
            "firmware": "bios",
            "guest_id": "coreos64Guest",
            "guest_ip_addresses": [],
            "id": "423ffc91-eee6-b055-7cee-e8ca2cdfe896",
            "name": "Templates/CSPLAB-Supported/rhcos-4.3.0-x86_64-vmware-template",
            "network_interface_types": [
              "vmxnet3"
            ],
            "scsi_bus_sharing": "noSharing",
            "scsi_controller_scan_count": 1,
            "scsi_type": "pvscsi"
          }
        }
      ]
    },
    {
      "mode": "managed",
      "type": "vsphere_virtual_machine",
      "name": "bootstrap",
      "provider": "provider.vsphere",
      "instances": [
        {
          "schema_version": 3,
          "attributes": {
            "alternate_guest_name": "",
            "annotation": "OCP 4.3 Cluster Node Template\nRed Hat CoreOS",
            "boot_delay": 0,
            "boot_retry_delay": 10000,
            "boot_retry_enabled": false,
            "cdrom": [],
            "change_version": "2020-04-15T01:35:09.399951Z",
            "clone": [
              {
                "customize": [],
                "linked_clone": false,
                "template_uuid": "423ffc91-eee6-b055-7cee-e8ca2cdfe896",
                "timeout": 30
              }
            ],
            "cpu_hot_add_enabled": false,
            "cpu_hot_remove_enabled": false,
            "cpu_limit": -1,
            "cpu_performance_counters_enabled": false,
            "cpu_reservation": 0,
            "cpu_share_count": 8000,
            "cpu_share_level": "normal",
            "custom_attributes": null,
            "datastore_cluster_id": "group-p3826",
            "datastore_id": "datastore-124",
            "default_ip_address": "172.18.8.238",
            "disk": [
              {
                "attach": false,
                "datastore_id": "datastore-124",
                "device_address": "scsi:0:0",
                "disk_mode": "persistent",
                "disk_sharing": "sharingNone",
                "eagerly_scrub": false,
                "io_limit": -1,
                "io_reservation": 0,
                "io_share_count": 1000,
                "io_share_level": "normal",
                "keep_on_remove": false,
                "key": 2000,
                "label": "disk0",
                "name": "",
                "path": "bootstrap_13/bootstrap.vmdk",
                "size": 120,
                "thin_provisioned": true,
                "unit_number": 0,
                "uuid": "6000C292-be92-ac61-51d7-340f4fe8a09e",
                "write_through": false
              }
            ],
            "efi_secure_boot_enabled": false,
            "enable_disk_uuid": true,
            "enable_logging": false,
            "ept_rvi_mode": "automatic",
            "extra_config": null,
            "firmware": "bios",
            "folder": "Sandbox/xhama",
            "force_power_off": true,
            "guest_id": "coreos64Guest",
            "guest_ip_addresses": [
              "172.18.8.238",
              "fe80::c9d8:8858:7dad:2b33"
            ],
            "host_system_id": "host-8694",
            "hv_mode": "hvAuto",
            "id": "423f9f5b-0a6e-e2dc-6fb5-9192cbacc780",
            "ignored_guest_ips": null,
            "imported": null,
            "latency_sensitivity": "normal",
            "memory": 16384,
            "memory_hot_add_enabled": false,
            "memory_limit": -1,
            "memory_reservation": 0,
            "memory_share_count": 163840,
            "memory_share_level": "normal",
            "migrate_wait_timeout": 30,
            "moid": "vm-52299",
            "name": "bootstrap",
            "nested_hv_enabled": false,
            "network_interface": [
              {
                "adapter_type": "vmxnet3",
                "bandwidth_limit": -1,
                "bandwidth_reservation": 0,
                "bandwidth_share_count": 50,
                "bandwidth_share_level": "normal",
                "device_address": "pci:0:7",
                "key": 4000,
                "mac_address": "00:50:56:a5:5b:ad",
                "network_id": "network-27",
                "use_static_mac": true
              }
            ],
            "num_cores_per_socket": 1,
            "num_cpus": 8,
            "reboot_required": false,
            "resource_pool_id": "resgroup-6183",
            "run_tools_scripts_after_power_on": true,
            "run_tools_scripts_after_resume": true,
            "run_tools_scripts_before_guest_reboot": false,
            "run_tools_scripts_before_guest_shutdown": true,
            "run_tools_scripts_before_guest_standby": true,
            "scsi_bus_sharing": "noSharing",
            "scsi_controller_count": 1,
            "scsi_type": "pvscsi",
            "shutdown_wait_timeout": 3,
            "swap_placement_policy": "inherit",
            "sync_time_with_host": false,
            "tags": null,
            "uuid": "423f9f5b-0a6e-e2dc-6fb5-9192cbacc780",
            "vapp": [
              {
                "properties": {
                  "guestinfo.ignition.config.data": "ewoiaWduaXRpb24iOiB7CiAgImNvbmZpZyI6IHsKICAgICJhcHBlbmQiOiBbCiAgICAgIHsKICAgICAgICAic291cmNlIjogImh0dHA6Ly8xNzIuMTguOC4yMjkveGhhbWEvYm9vdHN0cmFwLmlnbiIsCiAgICAgICAgInZlcmlmaWNhdGlvbiI6IHt9CiAgICAgIH0KICAgIF0KICB9LAogICJ0aW1lb3V0cyI6IHt9LAogICJ2ZXJzaW9uIjogIjIuMS4wIgp9LAoibmV0d29ya2QiOiB7fSwKInBhc3N3ZCI6IHt9LAoic3RvcmFnZSI6IHt9LAoic3lzdGVtZCI6IHt9Cn0K",
                  "guestinfo.ignition.config.data.encoding": "base64"
                }
              }
            ],
            "vapp_transport": [
              "com.vmware.guestInfo"
            ],
            "vmware_tools_status": "guestToolsRunning",
            "vmx_path": "bootstrap_13/bootstrap.vmx",
            "wait_for_guest_ip_timeout": 0,
            "wait_for_guest_net_routable": true,
            "wait_for_guest_net_timeout": 5
          },
          "private": "eyJzY2hlbWFfdmVyc2lvbiI6IjMifQ=="
        }
      ]
    },
    {
      "mode": "managed",
      "type": "vsphere_virtual_machine",
      "name": "masters",
      "each": "map",
      "provider": "provider.vsphere",
      "instances": [
        {
          "index_key": "control-plane-00",
          "schema_version": 3,
          "attributes": {
            "alternate_guest_name": "",
            "annotation": "OCP 4.3 Cluster Node Template\nRed Hat CoreOS",
            "boot_delay": 0,
            "boot_retry_delay": 10000,
            "boot_retry_enabled": false,
            "cdrom": [],
            "change_version": "2020-04-15T01:35:10.071601Z",
            "clone": [
              {
                "customize": [],
                "linked_clone": false,
                "template_uuid": "423ffc91-eee6-b055-7cee-e8ca2cdfe896",
                "timeout": 30
              }
            ],
            "cpu_hot_add_enabled": false,
            "cpu_hot_remove_enabled": false,
            "cpu_limit": -1,
            "cpu_performance_counters_enabled": false,
            "cpu_reservation": 0,
            "cpu_share_count": 16000,
            "cpu_share_level": "normal",
            "custom_attributes": null,
            "datastore_cluster_id": "group-p3826",
            "datastore_id": "datastore-124",
            "default_ip_address": "172.18.8.230",
            "disk": [
              {
                "attach": false,
                "datastore_id": "datastore-124",
                "device_address": "scsi:0:0",
                "disk_mode": "persistent",
                "disk_sharing": "sharingNone",
                "eagerly_scrub": false,
                "io_limit": -1,
                "io_reservation": 0,
                "io_share_count": 1000,
                "io_share_level": "normal",
                "keep_on_remove": false,
                "key": 2000,
                "label": "disk0",
                "name": "",
                "path": "control-plane-00/control-plane-00.vmdk",
                "size": 120,
                "thin_provisioned": true,
                "unit_number": 0,
                "uuid": "6000C291-6410-42ce-f0f2-401d55dd25c9",
                "write_through": false
              }
            ],
            "efi_secure_boot_enabled": false,
            "enable_disk_uuid": true,
            "enable_logging": false,
            "ept_rvi_mode": "automatic",
            "extra_config": null,
            "firmware": "bios",
            "folder": "Sandbox/xhama",
            "force_power_off": true,
            "guest_id": "coreos64Guest",
            "guest_ip_addresses": [
              "172.18.8.230",
              "fe80::7b43:4017:3bb8:d43d"
            ],
            "host_system_id": "host-5910",
            "hv_mode": "hvAuto",
            "id": "423f7c58-88c2-e8bb-3db8-eb50a3c64ebe",
            "ignored_guest_ips": null,
            "imported": null,
            "latency_sensitivity": "normal",
            "memory": 65536,
            "memory_hot_add_enabled": false,
            "memory_limit": -1,
            "memory_reservation": 0,
            "memory_share_count": 655360,
            "memory_share_level": "normal",
            "migrate_wait_timeout": 30,
            "moid": "vm-52301",
            "name": "control-plane-00",
            "nested_hv_enabled": false,
            "network_interface": [
              {
                "adapter_type": "vmxnet3",
                "bandwidth_limit": -1,
                "bandwidth_reservation": 0,
                "bandwidth_share_count": 50,
                "bandwidth_share_level": "normal",
                "device_address": "pci:0:7",
                "key": 4000,
                "mac_address": "00:50:56:a5:d0:ec",
                "network_id": "network-27",
                "use_static_mac": true
              }
            ],
            "num_cores_per_socket": 1,
            "num_cpus": 16,
            "reboot_required": false,
            "resource_pool_id": "resgroup-6183",
            "run_tools_scripts_after_power_on": true,
            "run_tools_scripts_after_resume": true,
            "run_tools_scripts_before_guest_reboot": false,
            "run_tools_scripts_before_guest_shutdown": true,
            "run_tools_scripts_before_guest_standby": true,
            "scsi_bus_sharing": "noSharing",
            "scsi_controller_count": 1,
            "scsi_type": "pvscsi",
            "shutdown_wait_timeout": 3,
            "swap_placement_policy": "inherit",
            "sync_time_with_host": false,
            "tags": null,
            "uuid": "423f7c58-88c2-e8bb-3db8-eb50a3c64ebe",
            "vapp": [
              {
                "properties": {
                  "guestinfo.ignition.config.data": "eyJpZ25pdGlvbiI6eyJjb25maWciOnsiYXBwZW5kIjpbeyJzb3VyY2UiOiJodHRwczovL2FwaS1pbnQueGhhbWEub2NwLmNzcGxhYi5sb2NhbDoyMjYyMy9jb25maWcvbWFzdGVyIiwidmVyaWZpY2F0aW9uIjp7fX1dfSwic2VjdXJpdHkiOnsidGxzIjp7ImNlcnRpZmljYXRlQXV0aG9yaXRpZXMiOlt7InNvdXJjZSI6ImRhdGE6dGV4dC9wbGFpbjtjaGFyc2V0PXV0Zi04O2Jhc2U2NCxMUzB0TFMxQ1JVZEpUaUJEUlZKVVNVWkpRMEZVUlMwdExTMHRDazFKU1VSRlJFTkRRV1pwWjBGM1NVSkJaMGxKVGpWelYxRkNUbWxVZFVGM1JGRlpTa3R2V2tsb2RtTk9RVkZGVEVKUlFYZEtha1ZUVFVKQlIwRXhWVVVLUTNoTlNtSXpRbXhpYms1dllWZGFNRTFTUVhkRVoxbEVWbEZSUkVWM1pIbGlNamt3VEZkT2FFMUNORmhFVkVsM1RVUlJlRTVVUVhoTlZFVjNUV3h2V0FwRVZFMTNUVVJSZUUxNlFYaE5WRVYzVFd4dmQwcHFSVk5OUWtGSFFURlZSVU40VFVwaU0wSnNZbTVPYjJGWFdqQk5Va0YzUkdkWlJGWlJVVVJGZDJSNUNtSXlPVEJNVjA1b1RVbEpRa2xxUVU1Q1oydHhhR3RwUnpsM01FSkJVVVZHUVVGUFEwRlJPRUZOU1VsQ1EyZExRMEZSUlVGelRVUkxUVk55UkdadWNFZ0tUbkoxWlVONFowdE5NRzkxWWk5NGVEWnplV1JVVkRaTmJYVllSMk01UkVSbmNHSndaM1JwZG5sek4zZGtTaXRSVGxSblVGcFBWemRhVXpSdWIwNDFSUXBwWVhwa1pGVkpNbkF5VjFWME5qUk5Razl2UmpoWmNGbFViakpQYWpCRllVcENSRGxOWWs5RWMwRktRVWxOYkRKMlQySlBXbFZWTld4dGFIWlJlVTFzQ2tveWFVWkdWelJoYUdKeVRWWlBaRnB4YTJSNVNVdFRkV3RQVFRZek5YZGxWMnB3T0VOeGR6VmtjRXRQVEZSNVRucHBPSFU1U1dodVFXWnBMMlJqYjJnS1MwVTNOelpSUWxsdE1tVlplVlJwY0U5YVUyNWFWbEprUzBSaVZFWjVka292V1hGSmJUbEhVMDR2YjBac05tUjFTVkpZWm1GRmNGcFhTRzVhYlhSMGRnb3dhV3RoT1UxWE5rMURiakJqTUVKQ1QxSlRNMHd6TlhwVldHRjRha3BWTm5SaE5GVXdTSGxZT1doRVJFZ3dWalJRZFVKTFFtTnZMMDVrWjNkb1EwOXhDa3RIZUhVMlRVcHBiWGRKUkVGUlFVSnZNRWwzVVVSQlQwSm5UbFpJVVRoQ1FXWTRSVUpCVFVOQmNWRjNSSGRaUkZaU01GUkJVVWd2UWtGVmQwRjNSVUlLTDNwQlpFSm5UbFpJVVRSRlJtZFJWVWRpVDBoRWQzRTBOMnQwU1doQ1NHTmhRakJ6T1RWbmVFZzBSWGRFVVZsS1MyOWFTV2gyWTA1QlVVVk1RbEZCUkFwblowVkNRVWwyVUhGblUySmtSM3BsSzNwUE1ERktlWEJwUzJwQ2FsbGFTMDlIV0RGTU1qZDZablJwZDAxaVEyTjViRTVhY0RkVlZ6ZHZRVWQ2VlVoT0NtUlZaMjlvUkZGU2N6RmlaMFJhTlZReWFXNU5RWGQ2YkRkUkx6TlZiRTVOTW1GdGFtMW1iVkpxUnpCeFZUWmlTRVIzS3pjcmVsaFRZakpOYzFwNlFWQUtSR3RJVGpsTlVUZExjVFUyV1hremEwWlpNemxYYmxSdE1VTnNTVW80Ym1Rd2JuTktlRGh0VDNsbVJEYzVPV3RyVWtsR2RFaGhkR3B4VFZFNFJ6azJOd3A1UTFrMVJIcGxkbU5wTldOelQzWlRRbWN4YWtVd1QweFhlWEZMT0RWMVp6SXhkVXRRTW1oU1FUZHNVemhsV214RlluaDJVRkJSWXpaVFpqbFJaVEJxQ2s5eGEzbE1hMVpwWkZWNGIzWXlVVTFZYWs1T1ZDODFRbUpDWjFJMVVWQllNRUo0YmtWSU1uRmpRVVprY2paUU4zQm5XRFZRYmxaNldXMUplWGRXVTNjS2NqRm9TalpTTUc1cVYyRnZiazkzZGxGcmN5dExkR0pDVkhSalBRb3RMUzB0TFVWT1JDQkRSVkpVU1VaSlEwRlVSUzB0TFMwdENnPT0iLCJ2ZXJpZmljYXRpb24iOnt9fV19fSwidGltZW91dHMiOnt9LCJ2ZXJzaW9uIjoiMi4yLjAifSwibmV0d29ya2QiOnt9LCJwYXNzd2QiOnt9LCJzdG9yYWdlIjp7fSwic3lzdGVtZCI6e319",
                  "guestinfo.ignition.config.data.encoding": "base64"
                }
              }
            ],
            "vapp_transport": [
              "com.vmware.guestInfo"
            ],
            "vmware_tools_status": "guestToolsRunning",
            "vmx_path": "control-plane-00/control-plane-00.vmx",
            "wait_for_guest_ip_timeout": 0,
            "wait_for_guest_net_routable": true,
            "wait_for_guest_net_timeout": 5
          },
          "private": "eyJzY2hlbWFfdmVyc2lvbiI6IjMifQ=="
        },
        {
          "index_key": "control-plane-01",
          "schema_version": 3,
          "attributes": {
            "alternate_guest_name": "",
            "annotation": "OCP 4.3 Cluster Node Template\nRed Hat CoreOS",
            "boot_delay": 0,
            "boot_retry_delay": 10000,
            "boot_retry_enabled": false,
            "cdrom": [],
            "change_version": "2020-04-15T01:35:12.185117Z",
            "clone": [
              {
                "customize": [],
                "linked_clone": false,
                "template_uuid": "423ffc91-eee6-b055-7cee-e8ca2cdfe896",
                "timeout": 30
              }
            ],
            "cpu_hot_add_enabled": false,
            "cpu_hot_remove_enabled": false,
            "cpu_limit": -1,
            "cpu_performance_counters_enabled": false,
            "cpu_reservation": 0,
            "cpu_share_count": 16000,
            "cpu_share_level": "normal",
            "custom_attributes": null,
            "datastore_cluster_id": "group-p3826",
            "datastore_id": "datastore-124",
            "default_ip_address": "172.18.8.231",
            "disk": [
              {
                "attach": false,
                "datastore_id": "datastore-124",
                "device_address": "scsi:0:0",
                "disk_mode": "persistent",
                "disk_sharing": "sharingNone",
                "eagerly_scrub": false,
                "io_limit": -1,
                "io_reservation": 0,
                "io_share_count": 1000,
                "io_share_level": "normal",
                "keep_on_remove": false,
                "key": 2000,
                "label": "disk0",
                "name": "",
                "path": "control-plane-01/control-plane-01.vmdk",
                "size": 120,
                "thin_provisioned": true,
                "unit_number": 0,
                "uuid": "6000C297-53af-a51e-999b-d401db238762",
                "write_through": false
              }
            ],
            "efi_secure_boot_enabled": false,
            "enable_disk_uuid": true,
            "enable_logging": false,
            "ept_rvi_mode": "automatic",
            "extra_config": null,
            "firmware": "bios",
            "folder": "Sandbox/xhama",
            "force_power_off": true,
            "guest_id": "coreos64Guest",
            "guest_ip_addresses": [
              "172.18.8.231",
              "fe80::d77f:ca49:7cab:8e"
            ],
            "host_system_id": "host-2584",
            "hv_mode": "hvAuto",
            "id": "423f6319-16e6-22ca-a5e7-1b4e611cca15",
            "ignored_guest_ips": null,
            "imported": null,
            "latency_sensitivity": "normal",
            "memory": 65536,
            "memory_hot_add_enabled": false,
            "memory_limit": -1,
            "memory_reservation": 0,
            "memory_share_count": 655360,
            "memory_share_level": "normal",
            "migrate_wait_timeout": 30,
            "moid": "vm-52296",
            "name": "control-plane-01",
            "nested_hv_enabled": false,
            "network_interface": [
              {
                "adapter_type": "vmxnet3",
                "bandwidth_limit": -1,
                "bandwidth_reservation": 0,
                "bandwidth_share_count": 50,
                "bandwidth_share_level": "normal",
                "device_address": "pci:0:7",
                "key": 4000,
                "mac_address": "00:50:56:a5:45:2d",
                "network_id": "network-27",
                "use_static_mac": true
              }
            ],
            "num_cores_per_socket": 1,
            "num_cpus": 16,
            "reboot_required": false,
            "resource_pool_id": "resgroup-6183",
            "run_tools_scripts_after_power_on": true,
            "run_tools_scripts_after_resume": true,
            "run_tools_scripts_before_guest_reboot": false,
            "run_tools_scripts_before_guest_shutdown": true,
            "run_tools_scripts_before_guest_standby": true,
            "scsi_bus_sharing": "noSharing",
            "scsi_controller_count": 1,
            "scsi_type": "pvscsi",
            "shutdown_wait_timeout": 3,
            "swap_placement_policy": "inherit",
            "sync_time_with_host": false,
            "tags": null,
            "uuid": "423f6319-16e6-22ca-a5e7-1b4e611cca15",
            "vapp": [
              {
                "properties": {
                  "guestinfo.ignition.config.data": "eyJpZ25pdGlvbiI6eyJjb25maWciOnsiYXBwZW5kIjpbeyJzb3VyY2UiOiJodHRwczovL2FwaS1pbnQueGhhbWEub2NwLmNzcGxhYi5sb2NhbDoyMjYyMy9jb25maWcvbWFzdGVyIiwidmVyaWZpY2F0aW9uIjp7fX1dfSwic2VjdXJpdHkiOnsidGxzIjp7ImNlcnRpZmljYXRlQXV0aG9yaXRpZXMiOlt7InNvdXJjZSI6ImRhdGE6dGV4dC9wbGFpbjtjaGFyc2V0PXV0Zi04O2Jhc2U2NCxMUzB0TFMxQ1JVZEpUaUJEUlZKVVNVWkpRMEZVUlMwdExTMHRDazFKU1VSRlJFTkRRV1pwWjBGM1NVSkJaMGxKVGpWelYxRkNUbWxVZFVGM1JGRlpTa3R2V2tsb2RtTk9RVkZGVEVKUlFYZEtha1ZUVFVKQlIwRXhWVVVLUTNoTlNtSXpRbXhpYms1dllWZGFNRTFTUVhkRVoxbEVWbEZSUkVWM1pIbGlNamt3VEZkT2FFMUNORmhFVkVsM1RVUlJlRTVVUVhoTlZFVjNUV3h2V0FwRVZFMTNUVVJSZUUxNlFYaE5WRVYzVFd4dmQwcHFSVk5OUWtGSFFURlZSVU40VFVwaU0wSnNZbTVPYjJGWFdqQk5Va0YzUkdkWlJGWlJVVVJGZDJSNUNtSXlPVEJNVjA1b1RVbEpRa2xxUVU1Q1oydHhhR3RwUnpsM01FSkJVVVZHUVVGUFEwRlJPRUZOU1VsQ1EyZExRMEZSUlVGelRVUkxUVk55UkdadWNFZ0tUbkoxWlVONFowdE5NRzkxWWk5NGVEWnplV1JVVkRaTmJYVllSMk01UkVSbmNHSndaM1JwZG5sek4zZGtTaXRSVGxSblVGcFBWemRhVXpSdWIwNDFSUXBwWVhwa1pGVkpNbkF5VjFWME5qUk5Razl2UmpoWmNGbFViakpQYWpCRllVcENSRGxOWWs5RWMwRktRVWxOYkRKMlQySlBXbFZWTld4dGFIWlJlVTFzQ2tveWFVWkdWelJoYUdKeVRWWlBaRnB4YTJSNVNVdFRkV3RQVFRZek5YZGxWMnB3T0VOeGR6VmtjRXRQVEZSNVRucHBPSFU1U1dodVFXWnBMMlJqYjJnS1MwVTNOelpSUWxsdE1tVlplVlJwY0U5YVUyNWFWbEprUzBSaVZFWjVka292V1hGSmJUbEhVMDR2YjBac05tUjFTVkpZWm1GRmNGcFhTRzVhYlhSMGRnb3dhV3RoT1UxWE5rMURiakJqTUVKQ1QxSlRNMHd6TlhwVldHRjRha3BWTm5SaE5GVXdTSGxZT1doRVJFZ3dWalJRZFVKTFFtTnZMMDVrWjNkb1EwOXhDa3RIZUhVMlRVcHBiWGRKUkVGUlFVSnZNRWwzVVVSQlQwSm5UbFpJVVRoQ1FXWTRSVUpCVFVOQmNWRjNSSGRaUkZaU01GUkJVVWd2UWtGVmQwRjNSVUlLTDNwQlpFSm5UbFpJVVRSRlJtZFJWVWRpVDBoRWQzRTBOMnQwU1doQ1NHTmhRakJ6T1RWbmVFZzBSWGRFVVZsS1MyOWFTV2gyWTA1QlVVVk1RbEZCUkFwblowVkNRVWwyVUhGblUySmtSM3BsSzNwUE1ERktlWEJwUzJwQ2FsbGFTMDlIV0RGTU1qZDZablJwZDAxaVEyTjViRTVhY0RkVlZ6ZHZRVWQ2VlVoT0NtUlZaMjlvUkZGU2N6RmlaMFJhTlZReWFXNU5RWGQ2YkRkUkx6TlZiRTVOTW1GdGFtMW1iVkpxUnpCeFZUWmlTRVIzS3pjcmVsaFRZakpOYzFwNlFWQUtSR3RJVGpsTlVUZExjVFUyV1hremEwWlpNemxYYmxSdE1VTnNTVW80Ym1Rd2JuTktlRGh0VDNsbVJEYzVPV3RyVWtsR2RFaGhkR3B4VFZFNFJ6azJOd3A1UTFrMVJIcGxkbU5wTldOelQzWlRRbWN4YWtVd1QweFhlWEZMT0RWMVp6SXhkVXRRTW1oU1FUZHNVemhsV214RlluaDJVRkJSWXpaVFpqbFJaVEJxQ2s5eGEzbE1hMVpwWkZWNGIzWXlVVTFZYWs1T1ZDODFRbUpDWjFJMVVWQllNRUo0YmtWSU1uRmpRVVprY2paUU4zQm5XRFZRYmxaNldXMUplWGRXVTNjS2NqRm9TalpTTUc1cVYyRnZiazkzZGxGcmN5dExkR0pDVkhSalBRb3RMUzB0TFVWT1JDQkRSVkpVU1VaSlEwRlVSUzB0TFMwdENnPT0iLCJ2ZXJpZmljYXRpb24iOnt9fV19fSwidGltZW91dHMiOnt9LCJ2ZXJzaW9uIjoiMi4yLjAifSwibmV0d29ya2QiOnt9LCJwYXNzd2QiOnt9LCJzdG9yYWdlIjp7fSwic3lzdGVtZCI6e319",
                  "guestinfo.ignition.config.data.encoding": "base64"
                }
              }
            ],
            "vapp_transport": [
              "com.vmware.guestInfo"
            ],
            "vmware_tools_status": "guestToolsRunning",
            "vmx_path": "control-plane-01/control-plane-01.vmx",
            "wait_for_guest_ip_timeout": 0,
            "wait_for_guest_net_routable": true,
            "wait_for_guest_net_timeout": 5
          },
          "private": "eyJzY2hlbWFfdmVyc2lvbiI6IjMifQ=="
        },
        {
          "index_key": "control-plane-02",
          "status": "tainted",
          "schema_version": 3,
          "attributes": {
            "alternate_guest_name": null,
            "annotation": null,
            "boot_delay": null,
            "boot_retry_delay": 10000,
            "boot_retry_enabled": null,
            "cdrom": [],
            "change_version": null,
            "clone": [
              {
                "customize": [],
                "linked_clone": false,
                "template_uuid": "423ffc91-eee6-b055-7cee-e8ca2cdfe896",
                "timeout": 30
              }
            ],
            "cpu_hot_add_enabled": null,
            "cpu_hot_remove_enabled": null,
            "cpu_limit": -1,
            "cpu_performance_counters_enabled": null,
            "cpu_reservation": null,
            "cpu_share_count": null,
            "cpu_share_level": "normal",
            "custom_attributes": null,
            "datastore_cluster_id": "group-p3826",
            "datastore_id": null,
            "default_ip_address": null,
            "disk": [
              {
                "attach": false,
                "datastore_id": "datastore-124",
                "device_address": "scsi:0:0",
                "disk_mode": "persistent",
                "disk_sharing": "sharingNone",
                "eagerly_scrub": false,
                "io_limit": -1,
                "io_reservation": 0,
                "io_share_count": 1000,
                "io_share_level": "normal",
                "keep_on_remove": false,
                "key": 2000,
                "label": "disk0",
                "name": "",
                "path": "control-plane-02/control-plane-02.vmdk",
                "size": 120,
                "thin_provisioned": true,
                "unit_number": 0,
                "uuid": "6000C297-d4f1-42ba-04f6-963df96214d3",
                "write_through": false
              }
            ],
            "efi_secure_boot_enabled": null,
            "enable_disk_uuid": true,
            "enable_logging": null,
            "ept_rvi_mode": "automatic",
            "extra_config": null,
            "firmware": "bios",
            "folder": "Sandbox/xhama",
            "force_power_off": true,
            "guest_id": "coreos64Guest",
            "guest_ip_addresses": null,
            "host_system_id": null,
            "hv_mode": "hvAuto",
            "id": "423f0256-fe22-6caa-cfb9-5e5533271d23",
            "ignored_guest_ips": null,
            "imported": null,
            "latency_sensitivity": "normal",
            "memory": 65536,
            "memory_hot_add_enabled": null,
            "memory_limit": -1,
            "memory_reservation": null,
            "memory_share_count": null,
            "memory_share_level": "normal",
            "migrate_wait_timeout": 30,
            "moid": null,
            "name": "control-plane-02",
            "nested_hv_enabled": null,
            "network_interface": [
              {
                "adapter_type": "vmxnet3",
                "bandwidth_limit": -1,
                "bandwidth_reservation": 0,
                "bandwidth_share_count": 0,
                "bandwidth_share_level": "normal",
                "device_address": "pci:0:7",
                "key": 4000,
                "mac_address": "00:50:56:a5:5e:08",
                "network_id": "network-27",
                "use_static_mac": true
              }
            ],
            "num_cores_per_socket": 1,
            "num_cpus": 16,
            "reboot_required": true,
            "resource_pool_id": "resgroup-6183",
            "run_tools_scripts_after_power_on": true,
            "run_tools_scripts_after_resume": true,
            "run_tools_scripts_before_guest_reboot": null,
            "run_tools_scripts_before_guest_shutdown": true,
            "run_tools_scripts_before_guest_standby": true,
            "scsi_bus_sharing": "noSharing",
            "scsi_controller_count": 1,
            "scsi_type": "pvscsi",
            "shutdown_wait_timeout": 3,
            "swap_placement_policy": "inherit",
            "sync_time_with_host": null,
            "tags": null,
            "uuid": null,
            "vapp": [
              {
                "properties": {}
              }
            ],
            "vapp_transport": [
              "com.vmware.guestInfo"
            ],
            "vmware_tools_status": null,
            "vmx_path": null,
            "wait_for_guest_ip_timeout": 0,
            "wait_for_guest_net_routable": true,
            "wait_for_guest_net_timeout": 5
          },
          "private": "eyJzY2hlbWFfdmVyc2lvbiI6IjMifQ=="
        }
      ]
    },
    {
      "mode": "managed",
      "type": "vsphere_virtual_machine",
      "name": "workers",
      "each": "map",
      "provider": "provider.vsphere",
      "instances": [
        {
          "index_key": "compute-00",
          "schema_version": 3,
          "attributes": {
            "alternate_guest_name": "",
            "annotation": "OCP 4.3 Cluster Node Template\nRed Hat CoreOS",
            "boot_delay": 0,
            "boot_retry_delay": 10000,
            "boot_retry_enabled": false,
            "cdrom": [],
            "change_version": "2020-04-15T01:35:06.472376Z",
            "clone": [
              {
                "customize": [],
                "linked_clone": false,
                "template_uuid": "423ffc91-eee6-b055-7cee-e8ca2cdfe896",
                "timeout": 30
              }
            ],
            "cpu_hot_add_enabled": false,
            "cpu_hot_remove_enabled": false,
            "cpu_limit": -1,
            "cpu_performance_counters_enabled": false,
            "cpu_reservation": 0,
            "cpu_share_count": 8000,
            "cpu_share_level": "normal",
            "custom_attributes": null,
            "datastore_cluster_id": "group-p3826",
            "datastore_id": "datastore-124",
            "default_ip_address": "172.18.8.233",
            "disk": [
              {
                "attach": false,
                "datastore_id": "datastore-124",
                "device_address": "scsi:0:0",
                "disk_mode": "persistent",
                "disk_sharing": "sharingNone",
                "eagerly_scrub": false,
                "io_limit": -1,
                "io_reservation": 0,
                "io_share_count": 1000,
                "io_share_level": "normal",
                "keep_on_remove": false,
                "key": 2000,
                "label": "disk0",
                "name": "",
                "path": "compute-00/compute-00.vmdk",
                "size": 120,
                "thin_provisioned": true,
                "unit_number": 0,
                "uuid": "6000C29f-88bc-afa1-6552-9894f0fc71e2",
                "write_through": false
              }
            ],
            "efi_secure_boot_enabled": false,
            "enable_disk_uuid": true,
            "enable_logging": false,
            "ept_rvi_mode": "automatic",
            "extra_config": null,
            "firmware": "bios",
            "folder": "Sandbox/xhama",
            "force_power_off": true,
            "guest_id": "coreos64Guest",
            "guest_ip_addresses": [
              "172.18.8.233",
              "fe80::bda5:f5b5:93c:3d3c"
            ],
            "host_system_id": "host-8676",
            "hv_mode": "hvAuto",
            "id": "423f393b-664a-d50d-e15d-95a82ecc983e",
            "ignored_guest_ips": null,
            "imported": null,
            "latency_sensitivity": "normal",
            "memory": 16384,
            "memory_hot_add_enabled": false,
            "memory_limit": -1,
            "memory_reservation": 0,
            "memory_share_count": 163840,
            "memory_share_level": "normal",
            "migrate_wait_timeout": 30,
            "moid": "vm-52295",
            "name": "compute-00",
            "nested_hv_enabled": false,
            "network_interface": [
              {
                "adapter_type": "vmxnet3",
                "bandwidth_limit": -1,
                "bandwidth_reservation": 0,
                "bandwidth_share_count": 50,
                "bandwidth_share_level": "normal",
                "device_address": "pci:0:7",
                "key": 4000,
                "mac_address": "00:50:56:a5:4d:5f",
                "network_id": "network-27",
                "use_static_mac": true
              }
            ],
            "num_cores_per_socket": 1,
            "num_cpus": 8,
            "reboot_required": false,
            "resource_pool_id": "resgroup-6183",
            "run_tools_scripts_after_power_on": true,
            "run_tools_scripts_after_resume": true,
            "run_tools_scripts_before_guest_reboot": false,
            "run_tools_scripts_before_guest_shutdown": true,
            "run_tools_scripts_before_guest_standby": true,
            "scsi_bus_sharing": "noSharing",
            "scsi_controller_count": 1,
            "scsi_type": "pvscsi",
            "shutdown_wait_timeout": 3,
            "swap_placement_policy": "inherit",
            "sync_time_with_host": false,
            "tags": null,
            "uuid": "423f393b-664a-d50d-e15d-95a82ecc983e",
            "vapp": [
              {
                "properties": {
                  "guestinfo.ignition.config.data": "eyJpZ25pdGlvbiI6eyJjb25maWciOnsiYXBwZW5kIjpbeyJzb3VyY2UiOiJodHRwczovL2FwaS1pbnQueGhhbWEub2NwLmNzcGxhYi5sb2NhbDoyMjYyMy9jb25maWcvd29ya2VyIiwidmVyaWZpY2F0aW9uIjp7fX1dfSwic2VjdXJpdHkiOnsidGxzIjp7ImNlcnRpZmljYXRlQXV0aG9yaXRpZXMiOlt7InNvdXJjZSI6ImRhdGE6dGV4dC9wbGFpbjtjaGFyc2V0PXV0Zi04O2Jhc2U2NCxMUzB0TFMxQ1JVZEpUaUJEUlZKVVNVWkpRMEZVUlMwdExTMHRDazFKU1VSRlJFTkRRV1pwWjBGM1NVSkJaMGxKVGpWelYxRkNUbWxVZFVGM1JGRlpTa3R2V2tsb2RtTk9RVkZGVEVKUlFYZEtha1ZUVFVKQlIwRXhWVVVLUTNoTlNtSXpRbXhpYms1dllWZGFNRTFTUVhkRVoxbEVWbEZSUkVWM1pIbGlNamt3VEZkT2FFMUNORmhFVkVsM1RVUlJlRTVVUVhoTlZFVjNUV3h2V0FwRVZFMTNUVVJSZUUxNlFYaE5WRVYzVFd4dmQwcHFSVk5OUWtGSFFURlZSVU40VFVwaU0wSnNZbTVPYjJGWFdqQk5Va0YzUkdkWlJGWlJVVVJGZDJSNUNtSXlPVEJNVjA1b1RVbEpRa2xxUVU1Q1oydHhhR3RwUnpsM01FSkJVVVZHUVVGUFEwRlJPRUZOU1VsQ1EyZExRMEZSUlVGelRVUkxUVk55UkdadWNFZ0tUbkoxWlVONFowdE5NRzkxWWk5NGVEWnplV1JVVkRaTmJYVllSMk01UkVSbmNHSndaM1JwZG5sek4zZGtTaXRSVGxSblVGcFBWemRhVXpSdWIwNDFSUXBwWVhwa1pGVkpNbkF5VjFWME5qUk5Razl2UmpoWmNGbFViakpQYWpCRllVcENSRGxOWWs5RWMwRktRVWxOYkRKMlQySlBXbFZWTld4dGFIWlJlVTFzQ2tveWFVWkdWelJoYUdKeVRWWlBaRnB4YTJSNVNVdFRkV3RQVFRZek5YZGxWMnB3T0VOeGR6VmtjRXRQVEZSNVRucHBPSFU1U1dodVFXWnBMMlJqYjJnS1MwVTNOelpSUWxsdE1tVlplVlJwY0U5YVUyNWFWbEprUzBSaVZFWjVka292V1hGSmJUbEhVMDR2YjBac05tUjFTVkpZWm1GRmNGcFhTRzVhYlhSMGRnb3dhV3RoT1UxWE5rMURiakJqTUVKQ1QxSlRNMHd6TlhwVldHRjRha3BWTm5SaE5GVXdTSGxZT1doRVJFZ3dWalJRZFVKTFFtTnZMMDVrWjNkb1EwOXhDa3RIZUhVMlRVcHBiWGRKUkVGUlFVSnZNRWwzVVVSQlQwSm5UbFpJVVRoQ1FXWTRSVUpCVFVOQmNWRjNSSGRaUkZaU01GUkJVVWd2UWtGVmQwRjNSVUlLTDNwQlpFSm5UbFpJVVRSRlJtZFJWVWRpVDBoRWQzRTBOMnQwU1doQ1NHTmhRakJ6T1RWbmVFZzBSWGRFVVZsS1MyOWFTV2gyWTA1QlVVVk1RbEZCUkFwblowVkNRVWwyVUhGblUySmtSM3BsSzNwUE1ERktlWEJwUzJwQ2FsbGFTMDlIV0RGTU1qZDZablJwZDAxaVEyTjViRTVhY0RkVlZ6ZHZRVWQ2VlVoT0NtUlZaMjlvUkZGU2N6RmlaMFJhTlZReWFXNU5RWGQ2YkRkUkx6TlZiRTVOTW1GdGFtMW1iVkpxUnpCeFZUWmlTRVIzS3pjcmVsaFRZakpOYzFwNlFWQUtSR3RJVGpsTlVUZExjVFUyV1hremEwWlpNemxYYmxSdE1VTnNTVW80Ym1Rd2JuTktlRGh0VDNsbVJEYzVPV3RyVWtsR2RFaGhkR3B4VFZFNFJ6azJOd3A1UTFrMVJIcGxkbU5wTldOelQzWlRRbWN4YWtVd1QweFhlWEZMT0RWMVp6SXhkVXRRTW1oU1FUZHNVemhsV214RlluaDJVRkJSWXpaVFpqbFJaVEJxQ2s5eGEzbE1hMVpwWkZWNGIzWXlVVTFZYWs1T1ZDODFRbUpDWjFJMVVWQllNRUo0YmtWSU1uRmpRVVprY2paUU4zQm5XRFZRYmxaNldXMUplWGRXVTNjS2NqRm9TalpTTUc1cVYyRnZiazkzZGxGcmN5dExkR0pDVkhSalBRb3RMUzB0TFVWT1JDQkRSVkpVU1VaSlEwRlVSUzB0TFMwdENnPT0iLCJ2ZXJpZmljYXRpb24iOnt9fV19fSwidGltZW91dHMiOnt9LCJ2ZXJzaW9uIjoiMi4yLjAifSwibmV0d29ya2QiOnt9LCJwYXNzd2QiOnt9LCJzdG9yYWdlIjp7fSwic3lzdGVtZCI6e319",
                  "guestinfo.ignition.config.data.encoding": "base64"
                }
              }
            ],
            "vapp_transport": [
              "com.vmware.guestInfo"
            ],
            "vmware_tools_status": "guestToolsRunning",
            "vmx_path": "compute-00/compute-00.vmx",
            "wait_for_guest_ip_timeout": 0,
            "wait_for_guest_net_routable": true,
            "wait_for_guest_net_timeout": 5
          },
          "private": "eyJzY2hlbWFfdmVyc2lvbiI6IjMifQ=="
        },
        {
          "index_key": "compute-01",
          "schema_version": 3,
          "attributes": {
            "alternate_guest_name": "",
            "annotation": "OCP 4.3 Cluster Node Template\nRed Hat CoreOS",
            "boot_delay": 0,
            "boot_retry_delay": 10000,
            "boot_retry_enabled": false,
            "cdrom": [],
            "change_version": "2020-04-15T01:35:09.728107Z",
            "clone": [
              {
                "customize": [],
                "linked_clone": false,
                "template_uuid": "423ffc91-eee6-b055-7cee-e8ca2cdfe896",
                "timeout": 30
              }
            ],
            "cpu_hot_add_enabled": false,
            "cpu_hot_remove_enabled": false,
            "cpu_limit": -1,
            "cpu_performance_counters_enabled": false,
            "cpu_reservation": 0,
            "cpu_share_count": 8000,
            "cpu_share_level": "normal",
            "custom_attributes": null,
            "datastore_cluster_id": "group-p3826",
            "datastore_id": "datastore-124",
            "default_ip_address": "172.18.8.234",
            "disk": [
              {
                "attach": false,
                "datastore_id": "datastore-124",
                "device_address": "scsi:0:0",
                "disk_mode": "persistent",
                "disk_sharing": "sharingNone",
                "eagerly_scrub": false,
                "io_limit": -1,
                "io_reservation": 0,
                "io_share_count": 1000,
                "io_share_level": "normal",
                "keep_on_remove": false,
                "key": 2000,
                "label": "disk0",
                "name": "",
                "path": "compute-01/compute-01.vmdk",
                "size": 120,
                "thin_provisioned": true,
                "unit_number": 0,
                "uuid": "6000C29c-868e-4770-242d-7b69b00dd41f",
                "write_through": false
              }
            ],
            "efi_secure_boot_enabled": false,
            "enable_disk_uuid": true,
            "enable_logging": false,
            "ept_rvi_mode": "automatic",
            "extra_config": null,
            "firmware": "bios",
            "folder": "Sandbox/xhama",
            "force_power_off": true,
            "guest_id": "coreos64Guest",
            "guest_ip_addresses": [
              "172.18.8.234",
              "fe80::adef:c3db:99c6:f25c"
            ],
            "host_system_id": "host-8745",
            "hv_mode": "hvAuto",
            "id": "423fad57-bcfd-2b8d-5b34-564db5a3d5bf",
            "ignored_guest_ips": null,
            "imported": null,
            "latency_sensitivity": "normal",
            "memory": 16384,
            "memory_hot_add_enabled": false,
            "memory_limit": -1,
            "memory_reservation": 0,
            "memory_share_count": 163840,
            "memory_share_level": "normal",
            "migrate_wait_timeout": 30,
            "moid": "vm-52300",
            "name": "compute-01",
            "nested_hv_enabled": false,
            "network_interface": [
              {
                "adapter_type": "vmxnet3",
                "bandwidth_limit": -1,
                "bandwidth_reservation": 0,
                "bandwidth_share_count": 50,
                "bandwidth_share_level": "normal",
                "device_address": "pci:0:7",
                "key": 4000,
                "mac_address": "00:50:56:a5:9a:02",
                "network_id": "network-27",
                "use_static_mac": true
              }
            ],
            "num_cores_per_socket": 1,
            "num_cpus": 8,
            "reboot_required": false,
            "resource_pool_id": "resgroup-6183",
            "run_tools_scripts_after_power_on": true,
            "run_tools_scripts_after_resume": true,
            "run_tools_scripts_before_guest_reboot": false,
            "run_tools_scripts_before_guest_shutdown": true,
            "run_tools_scripts_before_guest_standby": true,
            "scsi_bus_sharing": "noSharing",
            "scsi_controller_count": 1,
            "scsi_type": "pvscsi",
            "shutdown_wait_timeout": 3,
            "swap_placement_policy": "inherit",
            "sync_time_with_host": false,
            "tags": null,
            "uuid": "423fad57-bcfd-2b8d-5b34-564db5a3d5bf",
            "vapp": [
              {
                "properties": {
                  "guestinfo.ignition.config.data": "eyJpZ25pdGlvbiI6eyJjb25maWciOnsiYXBwZW5kIjpbeyJzb3VyY2UiOiJodHRwczovL2FwaS1pbnQueGhhbWEub2NwLmNzcGxhYi5sb2NhbDoyMjYyMy9jb25maWcvd29ya2VyIiwidmVyaWZpY2F0aW9uIjp7fX1dfSwic2VjdXJpdHkiOnsidGxzIjp7ImNlcnRpZmljYXRlQXV0aG9yaXRpZXMiOlt7InNvdXJjZSI6ImRhdGE6dGV4dC9wbGFpbjtjaGFyc2V0PXV0Zi04O2Jhc2U2NCxMUzB0TFMxQ1JVZEpUaUJEUlZKVVNVWkpRMEZVUlMwdExTMHRDazFKU1VSRlJFTkRRV1pwWjBGM1NVSkJaMGxKVGpWelYxRkNUbWxVZFVGM1JGRlpTa3R2V2tsb2RtTk9RVkZGVEVKUlFYZEtha1ZUVFVKQlIwRXhWVVVLUTNoTlNtSXpRbXhpYms1dllWZGFNRTFTUVhkRVoxbEVWbEZSUkVWM1pIbGlNamt3VEZkT2FFMUNORmhFVkVsM1RVUlJlRTVVUVhoTlZFVjNUV3h2V0FwRVZFMTNUVVJSZUUxNlFYaE5WRVYzVFd4dmQwcHFSVk5OUWtGSFFURlZSVU40VFVwaU0wSnNZbTVPYjJGWFdqQk5Va0YzUkdkWlJGWlJVVVJGZDJSNUNtSXlPVEJNVjA1b1RVbEpRa2xxUVU1Q1oydHhhR3RwUnpsM01FSkJVVVZHUVVGUFEwRlJPRUZOU1VsQ1EyZExRMEZSUlVGelRVUkxUVk55UkdadWNFZ0tUbkoxWlVONFowdE5NRzkxWWk5NGVEWnplV1JVVkRaTmJYVllSMk01UkVSbmNHSndaM1JwZG5sek4zZGtTaXRSVGxSblVGcFBWemRhVXpSdWIwNDFSUXBwWVhwa1pGVkpNbkF5VjFWME5qUk5Razl2UmpoWmNGbFViakpQYWpCRllVcENSRGxOWWs5RWMwRktRVWxOYkRKMlQySlBXbFZWTld4dGFIWlJlVTFzQ2tveWFVWkdWelJoYUdKeVRWWlBaRnB4YTJSNVNVdFRkV3RQVFRZek5YZGxWMnB3T0VOeGR6VmtjRXRQVEZSNVRucHBPSFU1U1dodVFXWnBMMlJqYjJnS1MwVTNOelpSUWxsdE1tVlplVlJwY0U5YVUyNWFWbEprUzBSaVZFWjVka292V1hGSmJUbEhVMDR2YjBac05tUjFTVkpZWm1GRmNGcFhTRzVhYlhSMGRnb3dhV3RoT1UxWE5rMURiakJqTUVKQ1QxSlRNMHd6TlhwVldHRjRha3BWTm5SaE5GVXdTSGxZT1doRVJFZ3dWalJRZFVKTFFtTnZMMDVrWjNkb1EwOXhDa3RIZUhVMlRVcHBiWGRKUkVGUlFVSnZNRWwzVVVSQlQwSm5UbFpJVVRoQ1FXWTRSVUpCVFVOQmNWRjNSSGRaUkZaU01GUkJVVWd2UWtGVmQwRjNSVUlLTDNwQlpFSm5UbFpJVVRSRlJtZFJWVWRpVDBoRWQzRTBOMnQwU1doQ1NHTmhRakJ6T1RWbmVFZzBSWGRFVVZsS1MyOWFTV2gyWTA1QlVVVk1RbEZCUkFwblowVkNRVWwyVUhGblUySmtSM3BsSzNwUE1ERktlWEJwUzJwQ2FsbGFTMDlIV0RGTU1qZDZablJwZDAxaVEyTjViRTVhY0RkVlZ6ZHZRVWQ2VlVoT0NtUlZaMjlvUkZGU2N6RmlaMFJhTlZReWFXNU5RWGQ2YkRkUkx6TlZiRTVOTW1GdGFtMW1iVkpxUnpCeFZUWmlTRVIzS3pjcmVsaFRZakpOYzFwNlFWQUtSR3RJVGpsTlVUZExjVFUyV1hremEwWlpNemxYYmxSdE1VTnNTVW80Ym1Rd2JuTktlRGh0VDNsbVJEYzVPV3RyVWtsR2RFaGhkR3B4VFZFNFJ6azJOd3A1UTFrMVJIcGxkbU5wTldOelQzWlRRbWN4YWtVd1QweFhlWEZMT0RWMVp6SXhkVXRRTW1oU1FUZHNVemhsV214RlluaDJVRkJSWXpaVFpqbFJaVEJxQ2s5eGEzbE1hMVpwWkZWNGIzWXlVVTFZYWs1T1ZDODFRbUpDWjFJMVVWQllNRUo0YmtWSU1uRmpRVVprY2paUU4zQm5XRFZRYmxaNldXMUplWGRXVTNjS2NqRm9TalpTTUc1cVYyRnZiazkzZGxGcmN5dExkR0pDVkhSalBRb3RMUzB0TFVWT1JDQkRSVkpVU1VaSlEwRlVSUzB0TFMwdENnPT0iLCJ2ZXJpZmljYXRpb24iOnt9fV19fSwidGltZW91dHMiOnt9LCJ2ZXJzaW9uIjoiMi4yLjAifSwibmV0d29ya2QiOnt9LCJwYXNzd2QiOnt9LCJzdG9yYWdlIjp7fSwic3lzdGVtZCI6e319",
                  "guestinfo.ignition.config.data.encoding": "base64"
                }
              }
            ],
            "vapp_transport": [
              "com.vmware.guestInfo"
            ],
            "vmware_tools_status": "guestToolsRunning",
            "vmx_path": "compute-01/compute-01.vmx",
            "wait_for_guest_ip_timeout": 0,
            "wait_for_guest_net_routable": true,
            "wait_for_guest_net_timeout": 5
          },
          "private": "eyJzY2hlbWFfdmVyc2lvbiI6IjMifQ=="
        },
        {
          "index_key": "compute-02",
          "schema_version": 3,
          "attributes": {
            "alternate_guest_name": "",
            "annotation": "OCP 4.3 Cluster Node Template\nRed Hat CoreOS",
            "boot_delay": 0,
            "boot_retry_delay": 10000,
            "boot_retry_enabled": false,
            "cdrom": [],
            "change_version": "2020-04-15T01:35:11.850651Z",
            "clone": [
              {
                "customize": [],
                "linked_clone": false,
                "template_uuid": "423ffc91-eee6-b055-7cee-e8ca2cdfe896",
                "timeout": 30
              }
            ],
            "cpu_hot_add_enabled": false,
            "cpu_hot_remove_enabled": false,
            "cpu_limit": -1,
            "cpu_performance_counters_enabled": false,
            "cpu_reservation": 0,
            "cpu_share_count": 8000,
            "cpu_share_level": "normal",
            "custom_attributes": null,
            "datastore_cluster_id": "group-p3826",
            "datastore_id": "datastore-124",
            "default_ip_address": "172.18.8.235",
            "disk": [
              {
                "attach": false,
                "datastore_id": "datastore-124",
                "device_address": "scsi:0:0",
                "disk_mode": "persistent",
                "disk_sharing": "sharingNone",
                "eagerly_scrub": false,
                "io_limit": -1,
                "io_reservation": 0,
                "io_share_count": 1000,
                "io_share_level": "normal",
                "keep_on_remove": false,
                "key": 2000,
                "label": "disk0",
                "name": "",
                "path": "compute-02/compute-02.vmdk",
                "size": 120,
                "thin_provisioned": true,
                "unit_number": 0,
                "uuid": "6000C29e-3179-93ec-5d73-e7e5779b786f",
                "write_through": false
              }
            ],
            "efi_secure_boot_enabled": false,
            "enable_disk_uuid": true,
            "enable_logging": false,
            "ept_rvi_mode": "automatic",
            "extra_config": null,
            "firmware": "bios",
            "folder": "Sandbox/xhama",
            "force_power_off": true,
            "guest_id": "coreos64Guest",
            "guest_ip_addresses": [
              "172.18.8.235",
              "fe80::48f7:ae6c:63e7:50db"
            ],
            "host_system_id": "host-8685",
            "hv_mode": "hvAuto",
            "id": "423f0b74-ea1e-a35b-d133-90c2b7da5bec",
            "ignored_guest_ips": null,
            "imported": null,
            "latency_sensitivity": "normal",
            "memory": 16384,
            "memory_hot_add_enabled": false,
            "memory_limit": -1,
            "memory_reservation": 0,
            "memory_share_count": 163840,
            "memory_share_level": "normal",
            "migrate_wait_timeout": 30,
            "moid": "vm-52298",
            "name": "compute-02",
            "nested_hv_enabled": false,
            "network_interface": [
              {
                "adapter_type": "vmxnet3",
                "bandwidth_limit": -1,
                "bandwidth_reservation": 0,
                "bandwidth_share_count": 50,
                "bandwidth_share_level": "normal",
                "device_address": "pci:0:7",
                "key": 4000,
                "mac_address": "00:50:56:a5:bd:44",
                "network_id": "network-27",
                "use_static_mac": true
              }
            ],
            "num_cores_per_socket": 1,
            "num_cpus": 8,
            "reboot_required": false,
            "resource_pool_id": "resgroup-6183",
            "run_tools_scripts_after_power_on": true,
            "run_tools_scripts_after_resume": true,
            "run_tools_scripts_before_guest_reboot": false,
            "run_tools_scripts_before_guest_shutdown": true,
            "run_tools_scripts_before_guest_standby": true,
            "scsi_bus_sharing": "noSharing",
            "scsi_controller_count": 1,
            "scsi_type": "pvscsi",
            "shutdown_wait_timeout": 3,
            "swap_placement_policy": "inherit",
            "sync_time_with_host": false,
            "tags": null,
            "uuid": "423f0b74-ea1e-a35b-d133-90c2b7da5bec",
            "vapp": [
              {
                "properties": {
                  "guestinfo.ignition.config.data": "eyJpZ25pdGlvbiI6eyJjb25maWciOnsiYXBwZW5kIjpbeyJzb3VyY2UiOiJodHRwczovL2FwaS1pbnQueGhhbWEub2NwLmNzcGxhYi5sb2NhbDoyMjYyMy9jb25maWcvd29ya2VyIiwidmVyaWZpY2F0aW9uIjp7fX1dfSwic2VjdXJpdHkiOnsidGxzIjp7ImNlcnRpZmljYXRlQXV0aG9yaXRpZXMiOlt7InNvdXJjZSI6ImRhdGE6dGV4dC9wbGFpbjtjaGFyc2V0PXV0Zi04O2Jhc2U2NCxMUzB0TFMxQ1JVZEpUaUJEUlZKVVNVWkpRMEZVUlMwdExTMHRDazFKU1VSRlJFTkRRV1pwWjBGM1NVSkJaMGxKVGpWelYxRkNUbWxVZFVGM1JGRlpTa3R2V2tsb2RtTk9RVkZGVEVKUlFYZEtha1ZUVFVKQlIwRXhWVVVLUTNoTlNtSXpRbXhpYms1dllWZGFNRTFTUVhkRVoxbEVWbEZSUkVWM1pIbGlNamt3VEZkT2FFMUNORmhFVkVsM1RVUlJlRTVVUVhoTlZFVjNUV3h2V0FwRVZFMTNUVVJSZUUxNlFYaE5WRVYzVFd4dmQwcHFSVk5OUWtGSFFURlZSVU40VFVwaU0wSnNZbTVPYjJGWFdqQk5Va0YzUkdkWlJGWlJVVVJGZDJSNUNtSXlPVEJNVjA1b1RVbEpRa2xxUVU1Q1oydHhhR3RwUnpsM01FSkJVVVZHUVVGUFEwRlJPRUZOU1VsQ1EyZExRMEZSUlVGelRVUkxUVk55UkdadWNFZ0tUbkoxWlVONFowdE5NRzkxWWk5NGVEWnplV1JVVkRaTmJYVllSMk01UkVSbmNHSndaM1JwZG5sek4zZGtTaXRSVGxSblVGcFBWemRhVXpSdWIwNDFSUXBwWVhwa1pGVkpNbkF5VjFWME5qUk5Razl2UmpoWmNGbFViakpQYWpCRllVcENSRGxOWWs5RWMwRktRVWxOYkRKMlQySlBXbFZWTld4dGFIWlJlVTFzQ2tveWFVWkdWelJoYUdKeVRWWlBaRnB4YTJSNVNVdFRkV3RQVFRZek5YZGxWMnB3T0VOeGR6VmtjRXRQVEZSNVRucHBPSFU1U1dodVFXWnBMMlJqYjJnS1MwVTNOelpSUWxsdE1tVlplVlJwY0U5YVUyNWFWbEprUzBSaVZFWjVka292V1hGSmJUbEhVMDR2YjBac05tUjFTVkpZWm1GRmNGcFhTRzVhYlhSMGRnb3dhV3RoT1UxWE5rMURiakJqTUVKQ1QxSlRNMHd6TlhwVldHRjRha3BWTm5SaE5GVXdTSGxZT1doRVJFZ3dWalJRZFVKTFFtTnZMMDVrWjNkb1EwOXhDa3RIZUhVMlRVcHBiWGRKUkVGUlFVSnZNRWwzVVVSQlQwSm5UbFpJVVRoQ1FXWTRSVUpCVFVOQmNWRjNSSGRaUkZaU01GUkJVVWd2UWtGVmQwRjNSVUlLTDNwQlpFSm5UbFpJVVRSRlJtZFJWVWRpVDBoRWQzRTBOMnQwU1doQ1NHTmhRakJ6T1RWbmVFZzBSWGRFVVZsS1MyOWFTV2gyWTA1QlVVVk1RbEZCUkFwblowVkNRVWwyVUhGblUySmtSM3BsSzNwUE1ERktlWEJwUzJwQ2FsbGFTMDlIV0RGTU1qZDZablJwZDAxaVEyTjViRTVhY0RkVlZ6ZHZRVWQ2VlVoT0NtUlZaMjlvUkZGU2N6RmlaMFJhTlZReWFXNU5RWGQ2YkRkUkx6TlZiRTVOTW1GdGFtMW1iVkpxUnpCeFZUWmlTRVIzS3pjcmVsaFRZakpOYzFwNlFWQUtSR3RJVGpsTlVUZExjVFUyV1hremEwWlpNemxYYmxSdE1VTnNTVW80Ym1Rd2JuTktlRGh0VDNsbVJEYzVPV3RyVWtsR2RFaGhkR3B4VFZFNFJ6azJOd3A1UTFrMVJIcGxkbU5wTldOelQzWlRRbWN4YWtVd1QweFhlWEZMT0RWMVp6SXhkVXRRTW1oU1FUZHNVemhsV214RlluaDJVRkJSWXpaVFpqbFJaVEJxQ2s5eGEzbE1hMVpwWkZWNGIzWXlVVTFZYWs1T1ZDODFRbUpDWjFJMVVWQllNRUo0YmtWSU1uRmpRVVprY2paUU4zQm5XRFZRYmxaNldXMUplWGRXVTNjS2NqRm9TalpTTUc1cVYyRnZiazkzZGxGcmN5dExkR0pDVkhSalBRb3RMUzB0TFVWT1JDQkRSVkpVU1VaSlEwRlVSUzB0TFMwdENnPT0iLCJ2ZXJpZmljYXRpb24iOnt9fV19fSwidGltZW91dHMiOnt9LCJ2ZXJzaW9uIjoiMi4yLjAifSwibmV0d29ya2QiOnt9LCJwYXNzd2QiOnt9LCJzdG9yYWdlIjp7fSwic3lzdGVtZCI6e319",
                  "guestinfo.ignition.config.data.encoding": "base64"
                }
              }
            ],
            "vapp_transport": [
              "com.vmware.guestInfo"
            ],
            "vmware_tools_status": "guestToolsRunning",
            "vmx_path": "compute-02/compute-02.vmx",
            "wait_for_guest_ip_timeout": 0,
            "wait_for_guest_net_routable": true,
            "wait_for_guest_net_timeout": 5
          },
          "private": "eyJzY2hlbWFfdmVyc2lvbiI6IjMifQ=="
        }
      ]
    }
  ]
}
